
Microsoft Visual Studio Solution File, Format Version 12.00
# Visual Studio Version 16
VisualStudioVersion = 16.0.33927.289
MinimumVisualStudioVersion = 10.0.40219.1
Project("{2150E333-8FDC-42A3-9474-1A3956D46DE8}") = "Task0", "Task0", "{4BE17022-F17E-498F-9540-4DC01C041556}"
EndProject
Project("{FAE04EC0-301F-11D3-BF4B-00C04F79EFBC}") = "Tyuiu.ShtolVA.Sprint5.Task0.V6", "Tyuiu.ShtolVA.Sprint5.Task0.V6\Tyuiu.ShtolVA.Sprint5.Task0.V6.csproj", "{9E2E5D2D-8333-4787-AC84-9F2C1EE3F9B5}"
EndProject
Project("{FAE04EC0-301F-11D3-BF4B-00C04F79EFBC}") = "Tyuiu.ShtolVA.Sprint5.Task0.V6.Lib", "Tyuiu.ShtolVA.Sprint5.Task0.V6.Lib\Tyuiu.ShtolVA.Sprint5.Task0.V6.Lib.csproj", "{B79EC75E-253F-4A97-AD8A-0BEB5AF64798}"
EndProject
Project("{FAE04EC0-301F-11D3-BF4B-00C04F79EFBC}") = "Tyuiu.ShtolVA.Sprint5.Task0.V6.Test", "Tyuiu.ShtolVA.Sprint5.Task0.V6.Test\Tyuiu.ShtolVA.Sprint5.Task0.V6.Test.csproj", "{939ECF88-1643-4748-A73A-E0BA7438CE11}"
EndProject
Project("{2150E333-8FDC-42A3-9474-1A3956D46DE8}") = "Task1", "Task1", "{44FAB26E-DDC3-49B2-8225-2EECF7C8FB07}"
EndProject
Project("{FAE04EC0-301F-11D3-BF4B-00C04F79EFBC}") = "Tyuiu.ShtolVA.Sprint5.Task1.V28", "Tyuiu.ShtolVA.Sprint5.Task1.V28\Tyuiu.ShtolVA.Sprint5.Task1.V28.csproj", "{7BDE03DD-9ED7-4AA8-8672-9D713314EDB9}"
EndProject
Project("{FAE04EC0-301F-11D3-BF4B-00C04F79EFBC}") = "Tyuiu.ShtolVA.Sprint5.Task1.V28.Lib", "Tyuiu.ShtolVA.Sprint5.Task1.V28.Lib\Tyuiu.ShtolVA.Sprint5.Task1.V28.Lib.csproj", "{B1471C6B-6693-42A7-AFFB-F5664533E5A2}"
EndProject
Project("{FAE04EC0-301F-11D3-BF4B-00C04F79EFBC}") = "Tyuiu.ShtolVA.Sprint5.Task1.V28.Test", "Tyuiu.ShtolVA.Sprint5.Task1.V28.Test\Tyuiu.ShtolVA.Sprint5.Task1.V28.Test.csproj", "{F7498015-EB8E-4595-B2AD-D4EDDE8A202B}"
EndProject
Project("{2150E333-8FDC-42A3-9474-1A3956D46DE8}") = "Task2", "Task2", "{83250034-EE84-4BC0-A668-C52E04CB2F10}"
EndProject
Project("{FAE04EC0-301F-11D3-BF4B-00C04F79EFBC}") = "Tyuiu.ShtolVA.Sprint5.Task2.V2", "Tyuiu.ShtolVA.Sprint5.Task2.V2\Tyuiu.ShtolVA.Sprint5.Task2.V2.csproj", "{07391C63-83BB-411E-8971-B4A8301575A6}"
EndProject
Project("{FAE04EC0-301F-11D3-BF4B-00C04F79EFBC}") = "Tyuiu.ShtolVA.Sprint5.Task2.V2.Lib", "Tyuiu.ShtolVA.Sprint5.Task2.V2.Lib\Tyuiu.ShtolVA.Sprint5.Task2.V2.Lib.csproj", "{BEE5832A-7FE7-4FCC-841D-026D3051A6C9}"
EndProject
Project("{FAE04EC0-301F-11D3-BF4B-00C04F79EFBC}") = "Tyuiu.ShtolVA.Sprint5.Task2.V2.Test", "Tyuiu.ShtolVA.Sprint5.Task2.V2.Test\Tyuiu.ShtolVA.Sprint5.Task2.V2.Test.csproj", "{0F60A99E-457A-4F1F-9B47-8229F4C69701}"
EndProject
Project("{2150E333-8FDC-42A3-9474-1A3956D46DE8}") = "Task3", "Task3", "{8B544133-E254-4AF6-BC2A-C848FC76E48A}"
EndProject
Project("{FAE04EC0-301F-11D3-BF4B-00C04F79EFBC}") = "Tyuiu.ShtolVA.Sprint5.Task3.V2", "Tyuiu.ShtolVA.Sprint5.Task3.V2\Tyuiu.ShtolVA.Sprint5.Task3.V2.csproj", "{96153AAC-236F-4EF3-B5D1-6A60F8A12CCC}"
EndProject
Project("{FAE04EC0-301F-11D3-BF4B-00C04F79EFBC}") = "Tyuiu.ShtolVA.Sprint5.Task3.V2.Lib", "Tyuiu.ShtolVA.Sprint5.Task3.V2.Lib\Tyuiu.ShtolVA.Sprint5.Task3.V2.Lib.csproj", "{7F6F1EBF-F3BF-4097-9CC3-5C5527C3123E}"
EndProject
Project("{FAE04EC0-301F-11D3-BF4B-00C04F79EFBC}") = "Tyuiu.ShtolVA.Sprint5.Task3.V2.Test", "Tyuiu.ShtolVA.Sprint5.Task3.V2.Test\Tyuiu.ShtolVA.Sprint5.Task3.V2.Test.csproj", "{C157E6E7-A905-4D2B-A039-DFCBB53FB77E}"
EndProject
Project("{2150E333-8FDC-42A3-9474-1A3956D46DE8}") = "Task4", "Task4", "{48088CFB-E3B4-4EFF-97AB-45652D3BF879}"
EndProject
Project("{FAE04EC0-301F-11D3-BF4B-00C04F79EFBC}") = "Tyuiu.ShtolVA.Sprint5.Task4.V15", "Tyuiu.ShtolVA.Sprint5.Task4.V15\Tyuiu.ShtolVA.Sprint5.Task4.V15.csproj", "{EF453405-5A13-4F31-90B1-F8C6A909787F}"
EndProject
Project("{FAE04EC0-301F-11D3-BF4B-00C04F79EFBC}") = "Tyuiu.ShtolVA.Sprint5.Task4.V15.Lib", "Tyuiu.ShtolVA.Sprint5.Task4.V15.Lib\Tyuiu.ShtolVA.Sprint5.Task4.V15.Lib.csproj", "{70AD5FB5-F3F6-47C6-BE97-45672AFE5BD8}"
EndProject
Project("{FAE04EC0-301F-11D3-BF4B-00C04F79EFBC}") = "Tyuiu.ShtolVA.Sprint5.Task4.V15.Test", "Tyuiu.ShtolVA.Sprint5.Task4.V15.Test\Tyuiu.ShtolVA.Sprint5.Task4.V15.Test.csproj", "{6D6BDB19-D118-4B73-A0E5-33C870573498}"
EndProject
Project("{2150E333-8FDC-42A3-9474-1A3956D46DE8}") = "Task5", "Task5", "{639FD748-B97E-445A-B0ED-4D3FDEF08ECF}"
EndProject
Project("{FAE04EC0-301F-11D3-BF4B-00C04F79EFBC}") = "Tyuiu.ShtolVA.Sptint5.Task5.V26", "Tyuiu.ShtolVA.Sptint5.Task5.V26\Tyuiu.ShtolVA.Sptint5.Task5.V26.csproj", "{7A87E27D-9F5A-4F11-A098-3FE8D41F4EF5}"
EndProject
Project("{FAE04EC0-301F-11D3-BF4B-00C04F79EFBC}") = "Tyuiu.ShtolVA.Sptint5.Task5.V26.Lib", "Tyuiu.ShtolVA.Sptint5.Task5.V26.Lib\Tyuiu.ShtolVA.Sptint5.Task5.V26.Lib.csproj", "{81538995-4F60-44C5-BABB-5B63FCA286E7}"
EndProject
Project("{FAE04EC0-301F-11D3-BF4B-00C04F79EFBC}") = "Tyuiu.ShtolVA.Sptint5.Task5.V26.Test", "Tyuiu.ShtolVA.Sptint5.Task5.V26.Test\Tyuiu.ShtolVA.Sptint5.Task5.V26.Test.csproj", "{3875E356-B29F-40E5-8453-AE54F2CAA095}"
EndProject
Project("{2150E333-8FDC-42A3-9474-1A3956D46DE8}") = "Task6", "Task6", "{666F87D2-F38F-4D09-B5A3-0F3604D4F71E}"
EndProject
Project("{FAE04EC0-301F-11D3-BF4B-00C04F79EFBC}") = "Tyuiu.ShtolVA.Sprint5.Task6.V27", "Tyuiu.ShtolVA.Sprint5.Task6.V27\Tyuiu.ShtolVA.Sprint5.Task6.V27.csproj", "{9F6FCA13-A04E-4486-A6F0-A003D9FD46C1}"
EndProject
Project("{FAE04EC0-301F-11D3-BF4B-00C04F79EFBC}") = "Tyuiu.ShtolVA.Sprint5.Task6.V27.Lib", "Tyuiu.ShtolVA.Sprint5.Task6.V27.Lib\Tyuiu.ShtolVA.Sprint5.Task6.V27.Lib.csproj", "{854A33FC-8361-4EE8-84E6-31FF07CB0E8D}"
EndProject
Project("{FAE04EC0-301F-11D3-BF4B-00C04F79EFBC}") = "Tyuiu.ShtolVA.Sprint5.Task6.V27.Test", "Tyuiu.ShtolVA.Sprint5.Task6.V27.Test\Tyuiu.ShtolVA.Sprint5.Task6.V27.Test.csproj", "{CEC85F70-C589-4965-8CDC-25B62AB6EC1F}"
EndProject
Global
	GlobalSection(SolutionConfigurationPlatforms) = preSolution
		Debug|Any CPU = Debug|Any CPU
		Release|Any CPU = Release|Any CPU
	EndGlobalSection
	GlobalSection(ProjectConfigurationPlatforms) = postSolution
		{9E2E5D2D-8333-4787-AC84-9F2C1EE3F9B5}.Debug|Any CPU.ActiveCfg = Debug|Any CPU
		{9E2E5D2D-8333-4787-AC84-9F2C1EE3F9B5}.Debug|Any CPU.Build.0 = Debug|Any CPU
		{9E2E5D2D-8333-4787-AC84-9F2C1EE3F9B5}.Release|Any CPU.ActiveCfg = Release|Any CPU
		{9E2E5D2D-8333-4787-AC84-9F2C1EE3F9B5}.Release|Any CPU.Build.0 = Release|Any CPU
		{B79EC75E-253F-4A97-AD8A-0BEB5AF64798}.Debug|Any CPU.ActiveCfg = Debug|Any CPU
		{B79EC75E-253F-4A97-AD8A-0BEB5AF64798}.Debug|Any CPU.Build.0 = Debug|Any CPU
		{B79EC75E-253F-4A97-AD8A-0BEB5AF64798}.Release|Any CPU.ActiveCfg = Release|Any CPU
		{B79EC75E-253F-4A97-AD8A-0BEB5AF64798}.Release|Any CPU.Build.0 = Release|Any CPU
		{939ECF88-1643-4748-A73A-E0BA7438CE11}.Debug|Any CPU.ActiveCfg = Debug|Any CPU
		{939ECF88-1643-4748-A73A-E0BA7438CE11}.Debug|Any CPU.Build.0 = Debug|Any CPU
		{939ECF88-1643-4748-A73A-E0BA7438CE11}.Release|Any CPU.ActiveCfg = Release|Any CPU
		{939ECF88-1643-4748-A73A-E0BA7438CE11}.Release|Any CPU.Build.0 = Release|Any CPU
		{7BDE03DD-9ED7-4AA8-8672-9D713314EDB9}.Debug|Any CPU.ActiveCfg = Debug|Any CPU
		{7BDE03DD-9ED7-4AA8-8672-9D713314EDB9}.Debug|Any CPU.Build.0 = Debug|Any CPU
		{7BDE03DD-9ED7-4AA8-8672-9D713314EDB9}.Release|Any CPU.ActiveCfg = Release|Any CPU
		{7BDE03DD-9ED7-4AA8-8672-9D713314EDB9}.Release|Any CPU.Build.0 = Release|Any CPU
		{B1471C6B-6693-42A7-AFFB-F5664533E5A2}.Debug|Any CPU.ActiveCfg = Debug|Any CPU
		{B1471C6B-6693-42A7-AFFB-F5664533E5A2}.Debug|Any CPU.Build.0 = Debug|Any CPU
		{B1471C6B-6693-42A7-AFFB-F5664533E5A2}.Release|Any CPU.ActiveCfg = Release|Any CPU
		{B1471C6B-6693-42A7-AFFB-F5664533E5A2}.Release|Any CPU.Build.0 = Release|Any CPU
		{F7498015-EB8E-4595-B2AD-D4EDDE8A202B}.Debug|Any CPU.ActiveCfg = Debug|Any CPU
		{F7498015-EB8E-4595-B2AD-D4EDDE8A202B}.Debug|Any CPU.Build.0 = Debug|Any CPU
		{F7498015-EB8E-4595-B2AD-D4EDDE8A202B}.Release|Any CPU.ActiveCfg = Release|Any CPU
		{F7498015-EB8E-4595-B2AD-D4EDDE8A202B}.Release|Any CPU.Build.0 = Release|Any CPU
		{07391C63-83BB-411E-8971-B4A8301575A6}.Debug|Any CPU.ActiveCfg = Debug|Any CPU
		{07391C63-83BB-411E-8971-B4A8301575A6}.Debug|Any CPU.Build.0 = Debug|Any CPU
		{07391C63-83BB-411E-8971-B4A8301575A6}.Release|Any CPU.ActiveCfg = Release|Any CPU
		{07391C63-83BB-411E-8971-B4A8301575A6}.Release|Any CPU.Build.0 = Release|Any CPU
		{BEE5832A-7FE7-4FCC-841D-026D3051A6C9}.Debug|Any CPU.ActiveCfg = Debug|Any CPU
		{BEE5832A-7FE7-4FCC-841D-026D3051A6C9}.Debug|Any CPU.Build.0 = Debug|Any CPU
		{BEE5832A-7FE7-4FCC-841D-026D3051A6C9}.Release|Any CPU.ActiveCfg = Release|Any CPU
		{BEE5832A-7FE7-4FCC-841D-026D3051A6C9}.Release|Any CPU.Build.0 = Release|Any CPU
		{0F60A99E-457A-4F1F-9B47-8229F4C69701}.Debug|Any CPU.ActiveCfg = Debug|Any CPU
		{0F60A99E-457A-4F1F-9B47-8229F4C69701}.Debug|Any CPU.Build.0 = Debug|Any CPU
		{0F60A99E-457A-4F1F-9B47-8229F4C69701}.Release|Any CPU.ActiveCfg = Release|Any CPU
		{0F60A99E-457A-4F1F-9B47-8229F4C69701}.Release|Any CPU.Build.0 = Release|Any CPU
		{96153AAC-236F-4EF3-B5D1-6A60F8A12CCC}.Debug|Any CPU.ActiveCfg = Debug|Any CPU
		{96153AAC-236F-4EF3-B5D1-6A60F8A12CCC}.Debug|Any CPU.Build.0 = Debug|Any CPU
		{96153AAC-236F-4EF3-B5D1-6A60F8A12CCC}.Release|Any CPU.ActiveCfg = Release|Any CPU
		{96153AAC-236F-4EF3-B5D1-6A60F8A12CCC}.Release|Any CPU.Build.0 = Release|Any CPU
		{7F6F1EBF-F3BF-4097-9CC3-5C5527C3123E}.Debug|Any CPU.ActiveCfg = Debug|Any CPU
		{7F6F1EBF-F3BF-4097-9CC3-5C5527C3123E}.Debug|Any CPU.Build.0 = Debug|Any CPU
		{7F6F1EBF-F3BF-4097-9CC3-5C5527C3123E}.Release|Any CPU.ActiveCfg = Release|Any CPU
		{7F6F1EBF-F3BF-4097-9CC3-5C5527C3123E}.Release|Any CPU.Build.0 = Release|Any CPU
		{C157E6E7-A905-4D2B-A039-DFCBB53FB77E}.Debug|Any CPU.ActiveCfg = Debug|Any CPU
		{C157E6E7-A905-4D2B-A039-DFCBB53FB77E}.Debug|Any CPU.Build.0 = Debug|Any CPU
		{C157E6E7-A905-4D2B-A039-DFCBB53FB77E}.Release|Any CPU.ActiveCfg = Release|Any CPU
		{C157E6E7-A905-4D2B-A039-DFCBB53FB77E}.Release|Any CPU.Build.0 = Release|Any CPU
		{EF453405-5A13-4F31-90B1-F8C6A909787F}.Debug|Any CPU.ActiveCfg = Debug|Any CPU
		{EF453405-5A13-4F31-90B1-F8C6A909787F}.Debug|Any CPU.Build.0 = Debug|Any CPU
		{EF453405-5A13-4F31-90B1-F8C6A909787F}.Release|Any CPU.ActiveCfg = Release|Any CPU
		{EF453405-5A13-4F31-90B1-F8C6A909787F}.Release|Any CPU.Build.0 = Release|Any CPU
		{70AD5FB5-F3F6-47C6-BE97-45672AFE5BD8}.Debug|Any CPU.ActiveCfg = Debug|Any CPU
		{70AD5FB5-F3F6-47C6-BE97-45672AFE5BD8}.Debug|Any CPU.Build.0 = Debug|Any CPU
		{70AD5FB5-F3F6-47C6-BE97-45672AFE5BD8}.Release|Any CPU.ActiveCfg = Release|Any CPU
		{70AD5FB5-F3F6-47C6-BE97-45672AFE5BD8}.Release|Any CPU.Build.0 = Release|Any CPU
		{6D6BDB19-D118-4B73-A0E5-33C870573498}.Debug|Any CPU.ActiveCfg = Debug|Any CPU
		{6D6BDB19-D118-4B73-A0E5-33C870573498}.Debug|Any CPU.Build.0 = Debug|Any CPU
		{6D6BDB19-D118-4B73-A0E5-33C870573498}.Release|Any CPU.ActiveCfg = Release|Any CPU
		{6D6BDB19-D118-4B73-A0E5-33C870573498}.Release|Any CPU.Build.0 = Release|Any CPU
		{7A87E27D-9F5A-4F11-A098-3FE8D41F4EF5}.Debug|Any CPU.ActiveCfg = Debug|Any CPU
		{7A87E27D-9F5A-4F11-A098-3FE8D41F4EF5}.Debug|Any CPU.Build.0 = Debug|Any CPU
		{7A87E27D-9F5A-4F11-A098-3FE8D41F4EF5}.Release|Any CPU.ActiveCfg = Release|Any CPU
		{7A87E27D-9F5A-4F11-A098-3FE8D41F4EF5}.Release|Any CPU.Build.0 = Release|Any CPU
		{81538995-4F60-44C5-BABB-5B63FCA286E7}.Debug|Any CPU.ActiveCfg = Debug|Any CPU
		{81538995-4F60-44C5-BABB-5B63FCA286E7}.Debug|Any CPU.Build.0 = Debug|Any CPU
		{81538995-4F60-44C5-BABB-5B63FCA286E7}.Release|Any CPU.ActiveCfg = Release|Any CPU
		{81538995-4F60-44C5-BABB-5B63FCA286E7}.Release|Any CPU.Build.0 = Release|Any CPU
		{3875E356-B29F-40E5-8453-AE54F2CAA095}.Debug|Any CPU.ActiveCfg = Debug|Any CPU
		{3875E356-B29F-40E5-8453-AE54F2CAA095}.Debug|Any CPU.Build.0 = Debug|Any CPU
		{3875E356-B29F-40E5-8453-AE54F2CAA095}.Release|Any CPU.ActiveCfg = Release|Any CPU
		{3875E356-B29F-40E5-8453-AE54F2CAA095}.Release|Any CPU.Build.0 = Release|Any CPU
		{9F6FCA13-A04E-4486-A6F0-A003D9FD46C1}.Debug|Any CPU.ActiveCfg = Debug|Any CPU
		{9F6FCA13-A04E-4486-A6F0-A003D9FD46C1}.Debug|Any CPU.Build.0 = Debug|Any CPU
		{9F6FCA13-A04E-4486-A6F0-A003D9FD46C1}.Release|Any CPU.ActiveCfg = Release|Any CPU
		{9F6FCA13-A04E-4486-A6F0-A003D9FD46C1}.Release|Any CPU.Build.0 = Release|Any CPU
		{854A33FC-8361-4EE8-84E6-31FF07CB0E8D}.Debug|Any CPU.ActiveCfg = Debug|Any CPU
		{854A33FC-8361-4EE8-84E6-31FF07CB0E8D}.Debug|Any CPU.Build.0 = Debug|Any CPU
		{854A33FC-8361-4EE8-84E6-31FF07CB0E8D}.Release|Any CPU.ActiveCfg = Release|Any CPU
		{854A33FC-8361-4EE8-84E6-31FF07CB0E8D}.Release|Any CPU.Build.0 = Release|Any CPU
		{CEC85F70-C589-4965-8CDC-25B62AB6EC1F}.Debug|Any CPU.ActiveCfg = Debug|Any CPU
		{CEC85F70-C589-4965-8CDC-25B62AB6EC1F}.Debug|Any CPU.Build.0 = Debug|Any CPU
		{CEC85F70-C589-4965-8CDC-25B62AB6EC1F}.Release|Any CPU.ActiveCfg = Release|Any CPU
		{CEC85F70-C589-4965-8CDC-25B62AB6EC1F}.Release|Any CPU.Build.0 = Release|Any CPU
	EndGlobalSection
	GlobalSection(SolutionProperties) = preSolution
		HideSolutionNode = FALSE
	EndGlobalSection
	GlobalSection(NestedProjects) = preSolution
		{9E2E5D2D-8333-4787-AC84-9F2C1EE3F9B5} = {4BE17022-F17E-498F-9540-4DC01C041556}
		{B79EC75E-253F-4A97-AD8A-0BEB5AF64798} = {4BE17022-F17E-498F-9540-4DC01C041556}
		{939ECF88-1643-4748-A73A-E0BA7438CE11} = {4BE17022-F17E-498F-9540-4DC01C041556}
		{7BDE03DD-9ED7-4AA8-8672-9D713314EDB9} = {44FAB26E-DDC3-49B2-8225-2EECF7C8FB07}
		{B1471C6B-6693-42A7-AFFB-F5664533E5A2} = {44FAB26E-DDC3-49B2-8225-2EECF7C8FB07}
		{F7498015-EB8E-4595-B2AD-D4EDDE8A202B} = {44FAB26E-DDC3-49B2-8225-2EECF7C8FB07}
		{07391C63-83BB-411E-8971-B4A8301575A6} = {83250034-EE84-4BC0-A668-C52E04CB2F10}
		{BEE5832A-7FE7-4FCC-841D-026D3051A6C9} = {83250034-EE84-4BC0-A668-C52E04CB2F10}
		{0F60A99E-457A-4F1F-9B47-8229F4C69701} = {83250034-EE84-4BC0-A668-C52E04CB2F10}
		{96153AAC-236F-4EF3-B5D1-6A60F8A12CCC} = {8B544133-E254-4AF6-BC2A-C848FC76E48A}
		{7F6F1EBF-F3BF-4097-9CC3-5C5527C3123E} = {8B544133-E254-4AF6-BC2A-C848FC76E48A}
		{C157E6E7-A905-4D2B-A039-DFCBB53FB77E} = {8B544133-E254-4AF6-BC2A-C848FC76E48A}
		{EF453405-5A13-4F31-90B1-F8C6A909787F} = {48088CFB-E3B4-4EFF-97AB-45652D3BF879}
		{70AD5FB5-F3F6-47C6-BE97-45672AFE5BD8} = {48088CFB-E3B4-4EFF-97AB-45652D3BF879}
		{6D6BDB19-D118-4B73-A0E5-33C870573498} = {48088CFB-E3B4-4EFF-97AB-45652D3BF879}
		{7A87E27D-9F5A-4F11-A098-3FE8D41F4EF5} = {639FD748-B97E-445A-B0ED-4D3FDEF08ECF}
		{81538995-4F60-44C5-BABB-5B63FCA286E7} = {639FD748-B97E-445A-B0ED-4D3FDEF08ECF}
		{3875E356-B29F-40E5-8453-AE54F2CAA095} = {639FD748-B97E-445A-B0ED-4D3FDEF08ECF}
		{9F6FCA13-A04E-4486-A6F0-A003D9FD46C1} = {666F87D2-F38F-4D09-B5A3-0F3604D4F71E}
		{854A33FC-8361-4EE8-84E6-31FF07CB0E8D} = {666F87D2-F38F-4D09-B5A3-0F3604D4F71E}
		{CEC85F70-C589-4965-8CDC-25B62AB6EC1F} = {666F87D2-F38F-4D09-B5A3-0F3604D4F71E}
	EndGlobalSection
	GlobalSection(ExtensibilityGlobals) = postSolution
		SolutionGuid = {78EFA974-F1F6-46EC-877B-85607380663D}
	EndGlobalSection
EndGlobal
